
Microsoft Visual Studio Solution File, Format Version 12.00
Project("{FAE04EC0-301F-11D3-BF4B-00C04F79EFBC}") = "SingleResponsabilityPrinciple", "SingleResponsabilityPrinciple\SingleResponsabilityPrinciple.csproj", "{B99BACB3-6294-4418-9B2C-C76B8196F09C}"
EndProject
Project("{FAE04EC0-301F-11D3-BF4B-00C04F79EFBC}") = "OpenClosedPrincipleExtensionMethod", "OpenClosedPrincipleExtensionMethod\OpenClosedPrincipleExtensionMethod.csproj", "{ED9BD2FC-C3B9-481E-8ADA-C62ECDE398A4}"
EndProject
Project("{FAE04EC0-301F-11D3-BF4B-00C04F79EFBC}") = "OpenClosedPrinciple", "OpenClosedPrinciple\OpenClosedPrinciple.csproj", "{7E2E53ED-F120-48CC-AEFC-845E2CD32F7C}"
EndProject
Project("{FAE04EC0-301F-11D3-BF4B-00C04F79EFBC}") = "LiskovSubstitutionPrinciple1", "LiskovSubstitutionPrinciple1\LiskovSubstitutionPrinciple1.csproj", "{7835F2C5-26BE-494A-AB95-A0B5A1BF7DA5}"
EndProject
Project("{FAE04EC0-301F-11D3-BF4B-00C04F79EFBC}") = "LiskovSubstitutionPrinciple2", "LiskovSubstitutionPrinciple2\LiskovSubstitutionPrinciple2.csproj", "{E43B3892-A93A-4047-85CA-EBF778BA2077}"
EndProject
Global
	GlobalSection(SolutionConfigurationPlatforms) = preSolution
		Debug|Any CPU = Debug|Any CPU
		Release|Any CPU = Release|Any CPU
	EndGlobalSection
	GlobalSection(ProjectConfigurationPlatforms) = postSolution
		{B99BACB3-6294-4418-9B2C-C76B8196F09C}.Debug|Any CPU.ActiveCfg = Debug|Any CPU
		{B99BACB3-6294-4418-9B2C-C76B8196F09C}.Debug|Any CPU.Build.0 = Debug|Any CPU
		{B99BACB3-6294-4418-9B2C-C76B8196F09C}.Release|Any CPU.ActiveCfg = Release|Any CPU
		{B99BACB3-6294-4418-9B2C-C76B8196F09C}.Release|Any CPU.Build.0 = Release|Any CPU
		{ED9BD2FC-C3B9-481E-8ADA-C62ECDE398A4}.Debug|Any CPU.ActiveCfg = Debug|Any CPU
		{ED9BD2FC-C3B9-481E-8ADA-C62ECDE398A4}.Debug|Any CPU.Build.0 = Debug|Any CPU
		{ED9BD2FC-C3B9-481E-8ADA-C62ECDE398A4}.Release|Any CPU.ActiveCfg = Release|Any CPU
		{ED9BD2FC-C3B9-481E-8ADA-C62ECDE398A4}.Release|Any CPU.Build.0 = Release|Any CPU
		{7E2E53ED-F120-48CC-AEFC-845E2CD32F7C}.Debug|Any CPU.ActiveCfg = Debug|Any CPU
		{7E2E53ED-F120-48CC-AEFC-845E2CD32F7C}.Debug|Any CPU.Build.0 = Debug|Any CPU
		{7E2E53ED-F120-48CC-AEFC-845E2CD32F7C}.Release|Any CPU.ActiveCfg = Release|Any CPU
		{7E2E53ED-F120-48CC-AEFC-845E2CD32F7C}.Release|Any CPU.Build.0 = Release|Any CPU
		{7835F2C5-26BE-494A-AB95-A0B5A1BF7DA5}.Debug|Any CPU.ActiveCfg = Debug|Any CPU
		{7835F2C5-26BE-494A-AB95-A0B5A1BF7DA5}.Debug|Any CPU.Build.0 = Debug|Any CPU
		{7835F2C5-26BE-494A-AB95-A0B5A1BF7DA5}.Release|Any CPU.ActiveCfg = Release|Any CPU
		{7835F2C5-26BE-494A-AB95-A0B5A1BF7DA5}.Release|Any CPU.Build.0 = Release|Any CPU
		{E43B3892-A93A-4047-85CA-EBF778BA2077}.Debug|Any CPU.ActiveCfg = Debug|Any CPU
		{E43B3892-A93A-4047-85CA-EBF778BA2077}.Debug|Any CPU.Build.0 = Debug|Any CPU
		{E43B3892-A93A-4047-85CA-EBF778BA2077}.Release|Any CPU.ActiveCfg = Release|Any CPU
		{E43B3892-A93A-4047-85CA-EBF778BA2077}.Release|Any CPU.Build.0 = Release|Any CPU
	EndGlobalSection
EndGlobal
